// !$*UTF8*$!
{
	archiveVersion = 1;
	classes = {
	};
	objectVersion = 51;
	objects = {

/* Begin PBXBuildFile section */
		A92AC7254A31CF3E3AF882E5 /* Pods_progressTests.framework in Frameworks */ = {isa = PBXBuildFile; fileRef = A8F132716E42033E907DB75D /* Pods_progressTests.framework */; };
		AB5594581FE6A27B58D69DA6 /* Pods_progress_progressUITests.framework in Frameworks */ = {isa = PBXBuildFile; fileRef = AF2909F64532D7E5BC183260 /* Pods_progress_progressUITests.framework */; };
		E11693DD24A3D822005E1C0E /* PointsDataSource.swift in Sources */ = {isa = PBXBuildFile; fileRef = E11693DC24A3D822005E1C0E /* PointsDataSource.swift */; };
		E1255F5E249FD9F100AB4E43 /* Pods_progress.framework in Frameworks */ = {isa = PBXBuildFile; fileRef = 3A74A5FE3451C0D1B50B4916 /* Pods_progress.framework */; };
		E149116E249FEAA0004B90AF /* CategoryTableViewCell.swift in Sources */ = {isa = PBXBuildFile; fileRef = E149116D249FEAA0004B90AF /* CategoryTableViewCell.swift */; };
		E1491170249FEAB3004B90AF /* Points.swift in Sources */ = {isa = PBXBuildFile; fileRef = E149116F249FEAB3004B90AF /* Points.swift */; };
		E1491172249FEB84004B90AF /* Extensions.swift in Sources */ = {isa = PBXBuildFile; fileRef = E1491171249FEB84004B90AF /* Extensions.swift */; };
		E149117424A05C09004B90AF /* CategoryViewController.swift in Sources */ = {isa = PBXBuildFile; fileRef = E149117324A05C09004B90AF /* CategoryViewController.swift */; };
		E149117624A06081004B90AF /* EventTableViewCell.swift in Sources */ = {isa = PBXBuildFile; fileRef = E149117524A06081004B90AF /* EventTableViewCell.swift */; };
		E196664E24A1A18400B4AD07 /* UIAlertController+Progress.swift in Sources */ = {isa = PBXBuildFile; fileRef = E196664D24A1A18400B4AD07 /* UIAlertController+Progress.swift */; };
		E196665024A1A19F00B4AD07 /* Points+Realm.swift in Sources */ = {isa = PBXBuildFile; fileRef = E196664F24A1A19F00B4AD07 /* Points+Realm.swift */; };
		E1FBD469249EB90C000BAFF1 /* AppDelegate.swift in Sources */ = {isa = PBXBuildFile; fileRef = E1FBD468249EB90C000BAFF1 /* AppDelegate.swift */; };
		E1FBD46B249EB90C000BAFF1 /* SceneDelegate.swift in Sources */ = {isa = PBXBuildFile; fileRef = E1FBD46A249EB90C000BAFF1 /* SceneDelegate.swift */; };
		E1FBD46D249EB90C000BAFF1 /* ViewController.swift in Sources */ = {isa = PBXBuildFile; fileRef = E1FBD46C249EB90C000BAFF1 /* ViewController.swift */; };
		E1FBD470249EB90C000BAFF1 /* Main.storyboard in Resources */ = {isa = PBXBuildFile; fileRef = E1FBD46E249EB90C000BAFF1 /* Main.storyboard */; };
		E1FBD472249EB90D000BAFF1 /* Assets.xcassets in Resources */ = {isa = PBXBuildFile; fileRef = E1FBD471249EB90D000BAFF1 /* Assets.xcassets */; };
		E1FBD475249EB90D000BAFF1 /* LaunchScreen.storyboard in Resources */ = {isa = PBXBuildFile; fileRef = E1FBD473249EB90D000BAFF1 /* LaunchScreen.storyboard */; };
		E1FBD480249EB90D000BAFF1 /* progressTests.swift in Sources */ = {isa = PBXBuildFile; fileRef = E1FBD47F249EB90D000BAFF1 /* progressTests.swift */; };
		E1FBD48B249EB90D000BAFF1 /* progressUITests.swift in Sources */ = {isa = PBXBuildFile; fileRef = E1FBD48A249EB90D000BAFF1 /* progressUITests.swift */; };
/* End PBXBuildFile section */

/* Begin PBXContainerItemProxy section */
		E1FBD47C249EB90D000BAFF1 /* PBXContainerItemProxy */ = {
			isa = PBXContainerItemProxy;
			containerPortal = E1FBD45D249EB90B000BAFF1 /* Project object */;
			proxyType = 1;
			remoteGlobalIDString = E1FBD464249EB90C000BAFF1;
			remoteInfo = progress;
		};
		E1FBD487249EB90D000BAFF1 /* PBXContainerItemProxy */ = {
			isa = PBXContainerItemProxy;
			containerPortal = E1FBD45D249EB90B000BAFF1 /* Project object */;
			proxyType = 1;
			remoteGlobalIDString = E1FBD464249EB90C000BAFF1;
			remoteInfo = progress;
		};
/* End PBXContainerItemProxy section */

/* Begin PBXFileReference section */
		3A74A5FE3451C0D1B50B4916 /* Pods_progress.framework */ = {isa = PBXFileReference; explicitFileType = wrapper.framework; includeInIndex = 0; path = Pods_progress.framework; sourceTree = BUILT_PRODUCTS_DIR; };
		3BED05EBA2A97E69B4D09E41 /* Pods-progress.debug.xcconfig */ = {isa = PBXFileReference; includeInIndex = 1; lastKnownFileType = text.xcconfig; name = "Pods-progress.debug.xcconfig"; path = "Target Support Files/Pods-progress/Pods-progress.debug.xcconfig"; sourceTree = "<group>"; };
		484D8FDB2BB12817F012C582 /* Pods-progress-progressUITests.debug.xcconfig */ = {isa = PBXFileReference; includeInIndex = 1; lastKnownFileType = text.xcconfig; name = "Pods-progress-progressUITests.debug.xcconfig"; path = "Target Support Files/Pods-progress-progressUITests/Pods-progress-progressUITests.debug.xcconfig"; sourceTree = "<group>"; };
		9AC70BABE11D1B4F5ABFD3C2 /* Pods-progress-progressUITests.release.xcconfig */ = {isa = PBXFileReference; includeInIndex = 1; lastKnownFileType = text.xcconfig; name = "Pods-progress-progressUITests.release.xcconfig"; path = "Target Support Files/Pods-progress-progressUITests/Pods-progress-progressUITests.release.xcconfig"; sourceTree = "<group>"; };
		A8F132716E42033E907DB75D /* Pods_progressTests.framework */ = {isa = PBXFileReference; explicitFileType = wrapper.framework; includeInIndex = 0; path = Pods_progressTests.framework; sourceTree = BUILT_PRODUCTS_DIR; };
		AF2909F64532D7E5BC183260 /* Pods_progress_progressUITests.framework */ = {isa = PBXFileReference; explicitFileType = wrapper.framework; includeInIndex = 0; path = Pods_progress_progressUITests.framework; sourceTree = BUILT_PRODUCTS_DIR; };
		C5449335A3F05A7221EE8F46 /* Pods-progressTests.debug.xcconfig */ = {isa = PBXFileReference; includeInIndex = 1; lastKnownFileType = text.xcconfig; name = "Pods-progressTests.debug.xcconfig"; path = "Target Support Files/Pods-progressTests/Pods-progressTests.debug.xcconfig"; sourceTree = "<group>"; };
		D518E9FB5400F25C09A011E4 /* Pods-progressTests.release.xcconfig */ = {isa = PBXFileReference; includeInIndex = 1; lastKnownFileType = text.xcconfig; name = "Pods-progressTests.release.xcconfig"; path = "Target Support Files/Pods-progressTests/Pods-progressTests.release.xcconfig"; sourceTree = "<group>"; };
		D94409BA233071CDA027B2FD /* Pods-progress.release.xcconfig */ = {isa = PBXFileReference; includeInIndex = 1; lastKnownFileType = text.xcconfig; name = "Pods-progress.release.xcconfig"; path = "Target Support Files/Pods-progress/Pods-progress.release.xcconfig"; sourceTree = "<group>"; };
		E11693DC24A3D822005E1C0E /* PointsDataSource.swift */ = {isa = PBXFileReference; lastKnownFileType = sourcecode.swift; path = PointsDataSource.swift; sourceTree = "<group>"; };
		E1255F5D249F312E00AB4E43 /* DataLayer.swift */ = {isa = PBXFileReference; lastKnownFileType = sourcecode.swift; path = DataLayer.swift; sourceTree = "<group>"; };
		E149116D249FEAA0004B90AF /* CategoryTableViewCell.swift */ = {isa = PBXFileReference; lastKnownFileType = sourcecode.swift; path = CategoryTableViewCell.swift; sourceTree = "<group>"; };
		E149116F249FEAB3004B90AF /* Points.swift */ = {isa = PBXFileReference; lastKnownFileType = sourcecode.swift; path = Points.swift; sourceTree = "<group>"; };
		E1491171249FEB84004B90AF /* Extensions.swift */ = {isa = PBXFileReference; lastKnownFileType = sourcecode.swift; path = Extensions.swift; sourceTree = "<group>"; };
		E149117324A05C09004B90AF /* CategoryViewController.swift */ = {isa = PBXFileReference; lastKnownFileType = sourcecode.swift; path = CategoryViewController.swift; sourceTree = "<group>"; };
		E149117524A06081004B90AF /* EventTableViewCell.swift */ = {isa = PBXFileReference; lastKnownFileType = sourcecode.swift; path = EventTableViewCell.swift; sourceTree = "<group>"; };
		E196664D24A1A18400B4AD07 /* UIAlertController+Progress.swift */ = {isa = PBXFileReference; lastKnownFileType = sourcecode.swift; path = "UIAlertController+Progress.swift"; sourceTree = "<group>"; };
		E196664F24A1A19F00B4AD07 /* Points+Realm.swift */ = {isa = PBXFileReference; lastKnownFileType = sourcecode.swift; path = "Points+Realm.swift"; sourceTree = "<group>"; };
		E1FBD465249EB90C000BAFF1 /* progress.app */ = {isa = PBXFileReference; explicitFileType = wrapper.application; includeInIndex = 0; path = progress.app; sourceTree = BUILT_PRODUCTS_DIR; };
		E1FBD468249EB90C000BAFF1 /* AppDelegate.swift */ = {isa = PBXFileReference; lastKnownFileType = sourcecode.swift; path = AppDelegate.swift; sourceTree = "<group>"; };
		E1FBD46A249EB90C000BAFF1 /* SceneDelegate.swift */ = {isa = PBXFileReference; lastKnownFileType = sourcecode.swift; path = SceneDelegate.swift; sourceTree = "<group>"; };
		E1FBD46C249EB90C000BAFF1 /* ViewController.swift */ = {isa = PBXFileReference; lastKnownFileType = sourcecode.swift; path = ViewController.swift; sourceTree = "<group>"; };
		E1FBD46F249EB90C000BAFF1 /* Base */ = {isa = PBXFileReference; lastKnownFileType = file.storyboard; name = Base; path = Base.lproj/Main.storyboard; sourceTree = "<group>"; };
		E1FBD471249EB90D000BAFF1 /* Assets.xcassets */ = {isa = PBXFileReference; lastKnownFileType = folder.assetcatalog; path = Assets.xcassets; sourceTree = "<group>"; };
		E1FBD474249EB90D000BAFF1 /* Base */ = {isa = PBXFileReference; lastKnownFileType = file.storyboard; name = Base; path = Base.lproj/LaunchScreen.storyboard; sourceTree = "<group>"; };
		E1FBD476249EB90D000BAFF1 /* Info.plist */ = {isa = PBXFileReference; lastKnownFileType = text.plist.xml; path = Info.plist; sourceTree = "<group>"; };
		E1FBD47B249EB90D000BAFF1 /* progressTests.xctest */ = {isa = PBXFileReference; explicitFileType = wrapper.cfbundle; includeInIndex = 0; path = progressTests.xctest; sourceTree = BUILT_PRODUCTS_DIR; };
		E1FBD47F249EB90D000BAFF1 /* progressTests.swift */ = {isa = PBXFileReference; lastKnownFileType = sourcecode.swift; path = progressTests.swift; sourceTree = "<group>"; };
		E1FBD481249EB90D000BAFF1 /* Info.plist */ = {isa = PBXFileReference; lastKnownFileType = text.plist.xml; path = Info.plist; sourceTree = "<group>"; };
		E1FBD486249EB90D000BAFF1 /* progressUITests.xctest */ = {isa = PBXFileReference; explicitFileType = wrapper.cfbundle; includeInIndex = 0; path = progressUITests.xctest; sourceTree = BUILT_PRODUCTS_DIR; };
		E1FBD48A249EB90D000BAFF1 /* progressUITests.swift */ = {isa = PBXFileReference; lastKnownFileType = sourcecode.swift; path = progressUITests.swift; sourceTree = "<group>"; };
		E1FBD48C249EB90D000BAFF1 /* Info.plist */ = {isa = PBXFileReference; lastKnownFileType = text.plist.xml; path = Info.plist; sourceTree = "<group>"; };
/* End PBXFileReference section */

/* Begin PBXFrameworksBuildPhase section */
		E1FBD462249EB90C000BAFF1 /* Frameworks */ = {
			isa = PBXFrameworksBuildPhase;
			buildActionMask = 2147483647;
			files = (
				E1255F5E249FD9F100AB4E43 /* Pods_progress.framework in Frameworks */,
			);
			runOnlyForDeploymentPostprocessing = 0;
		};
		E1FBD478249EB90D000BAFF1 /* Frameworks */ = {
			isa = PBXFrameworksBuildPhase;
			buildActionMask = 2147483647;
			files = (
				A92AC7254A31CF3E3AF882E5 /* Pods_progressTests.framework in Frameworks */,
			);
			runOnlyForDeploymentPostprocessing = 0;
		};
		E1FBD483249EB90D000BAFF1 /* Frameworks */ = {
			isa = PBXFrameworksBuildPhase;
			buildActionMask = 2147483647;
			files = (
				AB5594581FE6A27B58D69DA6 /* Pods_progress_progressUITests.framework in Frameworks */,
			);
			runOnlyForDeploymentPostprocessing = 0;
		};
/* End PBXFrameworksBuildPhase section */

/* Begin PBXGroup section */
		0944B7F27FEF2AAAD15A1B2E /* Pods */ = {
			isa = PBXGroup;
			children = (
				3BED05EBA2A97E69B4D09E41 /* Pods-progress.debug.xcconfig */,
				D94409BA233071CDA027B2FD /* Pods-progress.release.xcconfig */,
				484D8FDB2BB12817F012C582 /* Pods-progress-progressUITests.debug.xcconfig */,
				9AC70BABE11D1B4F5ABFD3C2 /* Pods-progress-progressUITests.release.xcconfig */,
				C5449335A3F05A7221EE8F46 /* Pods-progressTests.debug.xcconfig */,
				D518E9FB5400F25C09A011E4 /* Pods-progressTests.release.xcconfig */,
			);
			path = Pods;
			sourceTree = "<group>";
		};
		81B7CFD9ED3B89BAC38B1225 /* Frameworks */ = {
			isa = PBXGroup;
			children = (
				3A74A5FE3451C0D1B50B4916 /* Pods_progress.framework */,
				AF2909F64532D7E5BC183260 /* Pods_progress_progressUITests.framework */,
				A8F132716E42033E907DB75D /* Pods_progressTests.framework */,
			);
			name = Frameworks;
			sourceTree = "<group>";
		};
		E153724324A7C78500BACA19 /* Application */ = {
			isa = PBXGroup;
			children = (
				E1FBD468249EB90C000BAFF1 /* AppDelegate.swift */,
				E1FBD46A249EB90C000BAFF1 /* SceneDelegate.swift */,
				E1FBD46E249EB90C000BAFF1 /* Main.storyboard */,
				E153724824A7C7FC00BACA19 /* Homescreen */,
				E153724924A7C80F00BACA19 /* Category */,
				E153724B24A7C87100BACA19 /* Supporting Files */,
			);
			name = Application;
			sourceTree = "<group>";
		};
		E153724424A7C7A300BACA19 /* CommonUI */ = {
			isa = PBXGroup;
			children = (
				E1491171249FEB84004B90AF /* Extensions.swift */,
				E196664D24A1A18400B4AD07 /* UIAlertController+Progress.swift */,
			);
			name = CommonUI;
			sourceTree = "<group>";
		};
		E153724524A7C7BD00BACA19 /* Services */ = {
			isa = PBXGroup;
			children = (
				E153724624A7C7CF00BACA19 /* Points */,
			);
			name = Services;
			sourceTree = "<group>";
		};
		E153724624A7C7CF00BACA19 /* Points */ = {
			isa = PBXGroup;
			children = (
				E149116F249FEAB3004B90AF /* Points.swift */,
				E11693DC24A3D822005E1C0E /* PointsDataSource.swift */,
				E153724724A7C7E800BACA19 /* Impl */,
			);
			name = Points;
			sourceTree = "<group>";
		};
		E153724724A7C7E800BACA19 /* Impl */ = {
			isa = PBXGroup;
			children = (
				E196664F24A1A19F00B4AD07 /* Points+Realm.swift */,
				E1255F5D249F312E00AB4E43 /* DataLayer.swift */,
			);
			name = Impl;
			sourceTree = "<group>";
		};
		E153724824A7C7FC00BACA19 /* Homescreen */ = {
			isa = PBXGroup;
			children = (
				E1FBD46C249EB90C000BAFF1 /* ViewController.swift */,
				E149116D249FEAA0004B90AF /* CategoryTableViewCell.swift */,
			);
			name = Homescreen;
			sourceTree = "<group>";
		};
		E153724924A7C80F00BACA19 /* Category */ = {
			isa = PBXGroup;
			children = (
				E149117324A05C09004B90AF /* CategoryViewController.swift */,
				E149117524A06081004B90AF /* EventTableViewCell.swift */,
			);
			name = Category;
			sourceTree = "<group>";
		};
		E153724B24A7C87100BACA19 /* Supporting Files */ = {
			isa = PBXGroup;
			children = (
				E1FBD471249EB90D000BAFF1 /* Assets.xcassets */,
				E1FBD473249EB90D000BAFF1 /* LaunchScreen.storyboard */,
				E1FBD476249EB90D000BAFF1 /* Info.plist */,
			);
			name = "Supporting Files";
			sourceTree = "<group>";
		};
		E1FBD45C249EB90B000BAFF1 = {
			isa = PBXGroup;
			children = (
				E1FBD467249EB90C000BAFF1 /* progress */,
				E1FBD47E249EB90D000BAFF1 /* progressTests */,
				E1FBD489249EB90D000BAFF1 /* progressUITests */,
				E1FBD466249EB90C000BAFF1 /* Products */,
				0944B7F27FEF2AAAD15A1B2E /* Pods */,
				81B7CFD9ED3B89BAC38B1225 /* Frameworks */,
			);
			sourceTree = "<group>";
		};
		E1FBD466249EB90C000BAFF1 /* Products */ = {
			isa = PBXGroup;
			children = (
				E1FBD465249EB90C000BAFF1 /* progress.app */,
				E1FBD47B249EB90D000BAFF1 /* progressTests.xctest */,
				E1FBD486249EB90D000BAFF1 /* progressUITests.xctest */,
			);
			name = Products;
			sourceTree = "<group>";
		};
		E1FBD467249EB90C000BAFF1 /* progress */ = {
			isa = PBXGroup;
			children = (
				E153724324A7C78500BACA19 /* Application */,
				E153724424A7C7A300BACA19 /* CommonUI */,
				E153724524A7C7BD00BACA19 /* Services */,
			);
			path = progress;
			sourceTree = "<group>";
		};
		E1FBD47E249EB90D000BAFF1 /* progressTests */ = {
			isa = PBXGroup;
			children = (
				E1FBD47F249EB90D000BAFF1 /* progressTests.swift */,
				E1FBD481249EB90D000BAFF1 /* Info.plist */,
			);
			path = progressTests;
			sourceTree = "<group>";
		};
		E1FBD489249EB90D000BAFF1 /* progressUITests */ = {
			isa = PBXGroup;
			children = (
				E1FBD48A249EB90D000BAFF1 /* progressUITests.swift */,
				E1FBD48C249EB90D000BAFF1 /* Info.plist */,
			);
			path = progressUITests;
			sourceTree = "<group>";
		};
/* End PBXGroup section */

/* Begin PBXNativeTarget section */
		E1FBD464249EB90C000BAFF1 /* progress */ = {
			isa = PBXNativeTarget;
			buildConfigurationList = E1FBD48F249EB90D000BAFF1 /* Build configuration list for PBXNativeTarget "progress" */;
			buildPhases = (
				5B37AFF3F844C26236FDC30F /* [CP] Check Pods Manifest.lock */,
				E1FBD461249EB90C000BAFF1 /* Sources */,
				E1FBD462249EB90C000BAFF1 /* Frameworks */,
				E1FBD463249EB90C000BAFF1 /* Resources */,
				3FEC4EDD1197A1C7FF7391B8 /* [CP] Embed Pods Frameworks */,
			);
			buildRules = (
			);
			dependencies = (
			);
			name = progress;
			productName = progress;
			productReference = E1FBD465249EB90C000BAFF1 /* progress.app */;
			productType = "com.apple.product-type.application";
		};
		E1FBD47A249EB90D000BAFF1 /* progressTests */ = {
			isa = PBXNativeTarget;
			buildConfigurationList = E1FBD492249EB90D000BAFF1 /* Build configuration list for PBXNativeTarget "progressTests" */;
			buildPhases = (
				A2CD9A8C8791D7950ECABD4B /* [CP] Check Pods Manifest.lock */,
				E1FBD477249EB90D000BAFF1 /* Sources */,
				E1FBD478249EB90D000BAFF1 /* Frameworks */,
				E1FBD479249EB90D000BAFF1 /* Resources */,
			);
			buildRules = (
			);
			dependencies = (
				E1FBD47D249EB90D000BAFF1 /* PBXTargetDependency */,
			);
			name = progressTests;
			productName = progressTests;
			productReference = E1FBD47B249EB90D000BAFF1 /* progressTests.xctest */;
			productType = "com.apple.product-type.bundle.unit-test";
		};
		E1FBD485249EB90D000BAFF1 /* progressUITests */ = {
			isa = PBXNativeTarget;
			buildConfigurationList = E1FBD495249EB90D000BAFF1 /* Build configuration list for PBXNativeTarget "progressUITests" */;
			buildPhases = (
				DD2BE3EE825069DEE2A393C1 /* [CP] Check Pods Manifest.lock */,
				E1FBD482249EB90D000BAFF1 /* Sources */,
				E1FBD483249EB90D000BAFF1 /* Frameworks */,
				E1FBD484249EB90D000BAFF1 /* Resources */,
				FA793E5C5027A9AF4E0A492F /* [CP] Embed Pods Frameworks */,
			);
			buildRules = (
			);
			dependencies = (
				E1FBD488249EB90D000BAFF1 /* PBXTargetDependency */,
			);
			name = progressUITests;
			productName = progressUITests;
			productReference = E1FBD486249EB90D000BAFF1 /* progressUITests.xctest */;
			productType = "com.apple.product-type.bundle.ui-testing";
		};
/* End PBXNativeTarget section */

/* Begin PBXProject section */
		E1FBD45D249EB90B000BAFF1 /* Project object */ = {
			isa = PBXProject;
			attributes = {
				LastSwiftUpdateCheck = 1140;
				LastUpgradeCheck = 1140;
				ORGANIZATIONNAME = "Erick Sanchez";
				TargetAttributes = {
					E1FBD464249EB90C000BAFF1 = {
						CreatedOnToolsVersion = 11.4.1;
					};
					E1FBD47A249EB90D000BAFF1 = {
						CreatedOnToolsVersion = 11.4.1;
						TestTargetID = E1FBD464249EB90C000BAFF1;
					};
					E1FBD485249EB90D000BAFF1 = {
						CreatedOnToolsVersion = 11.4.1;
						TestTargetID = E1FBD464249EB90C000BAFF1;
					};
				};
			};
			buildConfigurationList = E1FBD460249EB90B000BAFF1 /* Build configuration list for PBXProject "progress" */;
			compatibilityVersion = "Xcode 9.3";
			developmentRegion = en;
			hasScannedForEncodings = 0;
			knownRegions = (
				en,
				Base,
			);
			mainGroup = E1FBD45C249EB90B000BAFF1;
			productRefGroup = E1FBD466249EB90C000BAFF1 /* Products */;
			projectDirPath = "";
			projectRoot = "";
			targets = (
				E1FBD464249EB90C000BAFF1 /* progress */,
				E1FBD47A249EB90D000BAFF1 /* progressTests */,
				E1FBD485249EB90D000BAFF1 /* progressUITests */,
			);
		};
/* End PBXProject section */

/* Begin PBXResourcesBuildPhase section */
		E1FBD463249EB90C000BAFF1 /* Resources */ = {
			isa = PBXResourcesBuildPhase;
			buildActionMask = 2147483647;
			files = (
				E1FBD475249EB90D000BAFF1 /* LaunchScreen.storyboard in Resources */,
				E1FBD472249EB90D000BAFF1 /* Assets.xcassets in Resources */,
				E1FBD470249EB90C000BAFF1 /* Main.storyboard in Resources */,
			);
			runOnlyForDeploymentPostprocessing = 0;
		};
		E1FBD479249EB90D000BAFF1 /* Resources */ = {
			isa = PBXResourcesBuildPhase;
			buildActionMask = 2147483647;
			files = (
			);
			runOnlyForDeploymentPostprocessing = 0;
		};
		E1FBD484249EB90D000BAFF1 /* Resources */ = {
			isa = PBXResourcesBuildPhase;
			buildActionMask = 2147483647;
			files = (
			);
			runOnlyForDeploymentPostprocessing = 0;
		};
/* End PBXResourcesBuildPhase section */

/* Begin PBXShellScriptBuildPhase section */
		3FEC4EDD1197A1C7FF7391B8 /* [CP] Embed Pods Frameworks */ = {
			isa = PBXShellScriptBuildPhase;
			buildActionMask = 2147483647;
			files = (
			);
			inputFileListPaths = (
				"${PODS_ROOT}/Target Support Files/Pods-progress/Pods-progress-frameworks-${CONFIGURATION}-input-files.xcfilelist",
			);
			name = "[CP] Embed Pods Frameworks";
			outputFileListPaths = (
				"${PODS_ROOT}/Target Support Files/Pods-progress/Pods-progress-frameworks-${CONFIGURATION}-output-files.xcfilelist",
			);
			runOnlyForDeploymentPostprocessing = 0;
			shellPath = /bin/sh;
			shellScript = "\"${PODS_ROOT}/Target Support Files/Pods-progress/Pods-progress-frameworks.sh\"\n";
			showEnvVarsInLog = 0;
		};
		5B37AFF3F844C26236FDC30F /* [CP] Check Pods Manifest.lock */ = {
			isa = PBXShellScriptBuildPhase;
			buildActionMask = 2147483647;
			files = (
			);
			inputFileListPaths = (
			);
			inputPaths = (
				"${PODS_PODFILE_DIR_PATH}/Podfile.lock",
				"${PODS_ROOT}/Manifest.lock",
			);
			name = "[CP] Check Pods Manifest.lock";
			outputFileListPaths = (
			);
			outputPaths = (
				"$(DERIVED_FILE_DIR)/Pods-progress-checkManifestLockResult.txt",
			);
			runOnlyForDeploymentPostprocessing = 0;
			shellPath = /bin/sh;
			shellScript = "diff \"${PODS_PODFILE_DIR_PATH}/Podfile.lock\" \"${PODS_ROOT}/Manifest.lock\" > /dev/null\nif [ $? != 0 ] ; then\n    # print error to STDERR\n    echo \"error: The sandbox is not in sync with the Podfile.lock. Run 'pod install' or update your CocoaPods installation.\" >&2\n    exit 1\nfi\n# This output is used by Xcode 'outputs' to avoid re-running this script phase.\necho \"SUCCESS\" > \"${SCRIPT_OUTPUT_FILE_0}\"\n";
			showEnvVarsInLog = 0;
		};
		A2CD9A8C8791D7950ECABD4B /* [CP] Check Pods Manifest.lock */ = {
			isa = PBXShellScriptBuildPhase;
			buildActionMask = 2147483647;
			files = (
			);
			inputFileListPaths = (
			);
			inputPaths = (
				"${PODS_PODFILE_DIR_PATH}/Podfile.lock",
				"${PODS_ROOT}/Manifest.lock",
			);
			name = "[CP] Check Pods Manifest.lock";
			outputFileListPaths = (
			);
			outputPaths = (
				"$(DERIVED_FILE_DIR)/Pods-progressTests-checkManifestLockResult.txt",
			);
			runOnlyForDeploymentPostprocessing = 0;
			shellPath = /bin/sh;
			shellScript = "diff \"${PODS_PODFILE_DIR_PATH}/Podfile.lock\" \"${PODS_ROOT}/Manifest.lock\" > /dev/null\nif [ $? != 0 ] ; then\n    # print error to STDERR\n    echo \"error: The sandbox is not in sync with the Podfile.lock. Run 'pod install' or update your CocoaPods installation.\" >&2\n    exit 1\nfi\n# This output is used by Xcode 'outputs' to avoid re-running this script phase.\necho \"SUCCESS\" > \"${SCRIPT_OUTPUT_FILE_0}\"\n";
			showEnvVarsInLog = 0;
		};
		DD2BE3EE825069DEE2A393C1 /* [CP] Check Pods Manifest.lock */ = {
			isa = PBXShellScriptBuildPhase;
			buildActionMask = 2147483647;
			files = (
			);
			inputFileListPaths = (
			);
			inputPaths = (
				"${PODS_PODFILE_DIR_PATH}/Podfile.lock",
				"${PODS_ROOT}/Manifest.lock",
			);
			name = "[CP] Check Pods Manifest.lock";
			outputFileListPaths = (
			);
			outputPaths = (
				"$(DERIVED_FILE_DIR)/Pods-progress-progressUITests-checkManifestLockResult.txt",
			);
			runOnlyForDeploymentPostprocessing = 0;
			shellPath = /bin/sh;
			shellScript = "diff \"${PODS_PODFILE_DIR_PATH}/Podfile.lock\" \"${PODS_ROOT}/Manifest.lock\" > /dev/null\nif [ $? != 0 ] ; then\n    # print error to STDERR\n    echo \"error: The sandbox is not in sync with the Podfile.lock. Run 'pod install' or update your CocoaPods installation.\" >&2\n    exit 1\nfi\n# This output is used by Xcode 'outputs' to avoid re-running this script phase.\necho \"SUCCESS\" > \"${SCRIPT_OUTPUT_FILE_0}\"\n";
			showEnvVarsInLog = 0;
		};
		FA793E5C5027A9AF4E0A492F /* [CP] Embed Pods Frameworks */ = {
			isa = PBXShellScriptBuildPhase;
			buildActionMask = 2147483647;
			files = (
			);
			inputFileListPaths = (
				"${PODS_ROOT}/Target Support Files/Pods-progress-progressUITests/Pods-progress-progressUITests-frameworks-${CONFIGURATION}-input-files.xcfilelist",
			);
			name = "[CP] Embed Pods Frameworks";
			outputFileListPaths = (
				"${PODS_ROOT}/Target Support Files/Pods-progress-progressUITests/Pods-progress-progressUITests-frameworks-${CONFIGURATION}-output-files.xcfilelist",
			);
			runOnlyForDeploymentPostprocessing = 0;
			shellPath = /bin/sh;
			shellScript = "\"${PODS_ROOT}/Target Support Files/Pods-progress-progressUITests/Pods-progress-progressUITests-frameworks.sh\"\n";
			showEnvVarsInLog = 0;
		};
/* End PBXShellScriptBuildPhase section */

/* Begin PBXSourcesBuildPhase section */
		E1FBD461249EB90C000BAFF1 /* Sources */ = {
			isa = PBXSourcesBuildPhase;
			buildActionMask = 2147483647;
			files = (
				E149117624A06081004B90AF /* EventTableViewCell.swift in Sources */,
				E1FBD46D249EB90C000BAFF1 /* ViewController.swift in Sources */,
				E1491172249FEB84004B90AF /* Extensions.swift in Sources */,
				E149117424A05C09004B90AF /* CategoryViewController.swift in Sources */,
				E196664E24A1A18400B4AD07 /* UIAlertController+Progress.swift in Sources */,
				E1FBD469249EB90C000BAFF1 /* AppDelegate.swift in Sources */,
				E196665024A1A19F00B4AD07 /* Points+Realm.swift in Sources */,
				E1FBD46B249EB90C000BAFF1 /* SceneDelegate.swift in Sources */,
				E1491170249FEAB3004B90AF /* Points.swift in Sources */,
				E149116E249FEAA0004B90AF /* CategoryTableViewCell.swift in Sources */,
				E11693DD24A3D822005E1C0E /* PointsDataSource.swift in Sources */,
			);
			runOnlyForDeploymentPostprocessing = 0;
		};
		E1FBD477249EB90D000BAFF1 /* Sources */ = {
			isa = PBXSourcesBuildPhase;
			buildActionMask = 2147483647;
			files = (
				E1FBD480249EB90D000BAFF1 /* progressTests.swift in Sources */,
			);
			runOnlyForDeploymentPostprocessing = 0;
		};
		E1FBD482249EB90D000BAFF1 /* Sources */ = {
			isa = PBXSourcesBuildPhase;
			buildActionMask = 2147483647;
			files = (
				E1FBD48B249EB90D000BAFF1 /* progressUITests.swift in Sources */,
			);
			runOnlyForDeploymentPostprocessing = 0;
		};
/* End PBXSourcesBuildPhase section */

/* Begin PBXTargetDependency section */
		E1FBD47D249EB90D000BAFF1 /* PBXTargetDependency */ = {
			isa = PBXTargetDependency;
			target = E1FBD464249EB90C000BAFF1 /* progress */;
			targetProxy = E1FBD47C249EB90D000BAFF1 /* PBXContainerItemProxy */;
		};
		E1FBD488249EB90D000BAFF1 /* PBXTargetDependency */ = {
			isa = PBXTargetDependency;
			target = E1FBD464249EB90C000BAFF1 /* progress */;
			targetProxy = E1FBD487249EB90D000BAFF1 /* PBXContainerItemProxy */;
		};
/* End PBXTargetDependency section */

/* Begin PBXVariantGroup section */
		E1FBD46E249EB90C000BAFF1 /* Main.storyboard */ = {
			isa = PBXVariantGroup;
			children = (
				E1FBD46F249EB90C000BAFF1 /* Base */,
			);
			name = Main.storyboard;
			sourceTree = "<group>";
		};
		E1FBD473249EB90D000BAFF1 /* LaunchScreen.storyboard */ = {
			isa = PBXVariantGroup;
			children = (
				E1FBD474249EB90D000BAFF1 /* Base */,
			);
			name = LaunchScreen.storyboard;
			sourceTree = "<group>";
		};
/* End PBXVariantGroup section */

/* Begin XCBuildConfiguration section */
		E1FBD48D249EB90D000BAFF1 /* Debug */ = {
			isa = XCBuildConfiguration;
			buildSettings = {
				ALWAYS_SEARCH_USER_PATHS = NO;
				CLANG_ANALYZER_NONNULL = YES;
				CLANG_ANALYZER_NUMBER_OBJECT_CONVERSION = YES_AGGRESSIVE;
				CLANG_CXX_LANGUAGE_STANDARD = "gnu++14";
				CLANG_CXX_LIBRARY = "libc++";
				CLANG_ENABLE_MODULES = YES;
				CLANG_ENABLE_OBJC_ARC = YES;
				CLANG_ENABLE_OBJC_WEAK = YES;
				CLANG_WARN_BLOCK_CAPTURE_AUTORELEASING = YES;
				CLANG_WARN_BOOL_CONVERSION = YES;
				CLANG_WARN_COMMA = YES;
				CLANG_WARN_CONSTANT_CONVERSION = YES;
				CLANG_WARN_DEPRECATED_OBJC_IMPLEMENTATIONS = YES;
				CLANG_WARN_DIRECT_OBJC_ISA_USAGE = YES_ERROR;
				CLANG_WARN_DOCUMENTATION_COMMENTS = YES;
				CLANG_WARN_EMPTY_BODY = YES;
				CLANG_WARN_ENUM_CONVERSION = YES;
				CLANG_WARN_INFINITE_RECURSION = YES;
				CLANG_WARN_INT_CONVERSION = YES;
				CLANG_WARN_NON_LITERAL_NULL_CONVERSION = YES;
				CLANG_WARN_OBJC_IMPLICIT_RETAIN_SELF = YES;
				CLANG_WARN_OBJC_LITERAL_CONVERSION = YES;
				CLANG_WARN_OBJC_ROOT_CLASS = YES_ERROR;
				CLANG_WARN_RANGE_LOOP_ANALYSIS = YES;
				CLANG_WARN_STRICT_PROTOTYPES = YES;
				CLANG_WARN_SUSPICIOUS_MOVE = YES;
				CLANG_WARN_UNGUARDED_AVAILABILITY = YES_AGGRESSIVE;
				CLANG_WARN_UNREACHABLE_CODE = YES;
				CLANG_WARN__DUPLICATE_METHOD_MATCH = YES;
				COPY_PHASE_STRIP = NO;
				DEBUG_INFORMATION_FORMAT = dwarf;
				ENABLE_STRICT_OBJC_MSGSEND = YES;
				ENABLE_TESTABILITY = YES;
				GCC_C_LANGUAGE_STANDARD = gnu11;
				GCC_DYNAMIC_NO_PIC = NO;
				GCC_NO_COMMON_BLOCKS = YES;
				GCC_OPTIMIZATION_LEVEL = 0;
				GCC_PREPROCESSOR_DEFINITIONS = (
					"DEBUG=1",
					"$(inherited)",
				);
				GCC_WARN_64_TO_32_BIT_CONVERSION = YES;
				GCC_WARN_ABOUT_RETURN_TYPE = YES_ERROR;
				GCC_WARN_UNDECLARED_SELECTOR = YES;
				GCC_WARN_UNINITIALIZED_AUTOS = YES_AGGRESSIVE;
				GCC_WARN_UNUSED_FUNCTION = YES;
				GCC_WARN_UNUSED_VARIABLE = YES;
				IPHONEOS_DEPLOYMENT_TARGET = 13.4;
				MTL_ENABLE_DEBUG_INFO = INCLUDE_SOURCE;
				MTL_FAST_MATH = YES;
				ONLY_ACTIVE_ARCH = YES;
				SDKROOT = iphoneos;
				SWIFT_ACTIVE_COMPILATION_CONDITIONS = DEBUG;
				SWIFT_OPTIMIZATION_LEVEL = "-Onone";
			};
			name = Debug;
		};
		E1FBD48E249EB90D000BAFF1 /* Release */ = {
			isa = XCBuildConfiguration;
			buildSettings = {
				ALWAYS_SEARCH_USER_PATHS = NO;
				CLANG_ANALYZER_NONNULL = YES;
				CLANG_ANALYZER_NUMBER_OBJECT_CONVERSION = YES_AGGRESSIVE;
				CLANG_CXX_LANGUAGE_STANDARD = "gnu++14";
				CLANG_CXX_LIBRARY = "libc++";
				CLANG_ENABLE_MODULES = YES;
				CLANG_ENABLE_OBJC_ARC = YES;
				CLANG_ENABLE_OBJC_WEAK = YES;
				CLANG_WARN_BLOCK_CAPTURE_AUTORELEASING = YES;
				CLANG_WARN_BOOL_CONVERSION = YES;
				CLANG_WARN_COMMA = YES;
				CLANG_WARN_CONSTANT_CONVERSION = YES;
				CLANG_WARN_DEPRECATED_OBJC_IMPLEMENTATIONS = YES;
				CLANG_WARN_DIRECT_OBJC_ISA_USAGE = YES_ERROR;
				CLANG_WARN_DOCUMENTATION_COMMENTS = YES;
				CLANG_WARN_EMPTY_BODY = YES;
				CLANG_WARN_ENUM_CONVERSION = YES;
				CLANG_WARN_INFINITE_RECURSION = YES;
				CLANG_WARN_INT_CONVERSION = YES;
				CLANG_WARN_NON_LITERAL_NULL_CONVERSION = YES;
				CLANG_WARN_OBJC_IMPLICIT_RETAIN_SELF = YES;
				CLANG_WARN_OBJC_LITERAL_CONVERSION = YES;
				CLANG_WARN_OBJC_ROOT_CLASS = YES_ERROR;
				CLANG_WARN_RANGE_LOOP_ANALYSIS = YES;
				CLANG_WARN_STRICT_PROTOTYPES = YES;
				CLANG_WARN_SUSPICIOUS_MOVE = YES;
				CLANG_WARN_UNGUARDED_AVAILABILITY = YES_AGGRESSIVE;
				CLANG_WARN_UNREACHABLE_CODE = YES;
				CLANG_WARN__DUPLICATE_METHOD_MATCH = YES;
				COPY_PHASE_STRIP = NO;
				DEBUG_INFORMATION_FORMAT = "dwarf-with-dsym";
				ENABLE_NS_ASSERTIONS = NO;
				ENABLE_STRICT_OBJC_MSGSEND = YES;
				GCC_C_LANGUAGE_STANDARD = gnu11;
				GCC_NO_COMMON_BLOCKS = YES;
				GCC_WARN_64_TO_32_BIT_CONVERSION = YES;
				GCC_WARN_ABOUT_RETURN_TYPE = YES_ERROR;
				GCC_WARN_UNDECLARED_SELECTOR = YES;
				GCC_WARN_UNINITIALIZED_AUTOS = YES_AGGRESSIVE;
				GCC_WARN_UNUSED_FUNCTION = YES;
				GCC_WARN_UNUSED_VARIABLE = YES;
				IPHONEOS_DEPLOYMENT_TARGET = 13.4;
				MTL_ENABLE_DEBUG_INFO = NO;
				MTL_FAST_MATH = YES;
				SDKROOT = iphoneos;
				SWIFT_COMPILATION_MODE = wholemodule;
				SWIFT_OPTIMIZATION_LEVEL = "-O";
				VALIDATE_PRODUCT = YES;
			};
			name = Release;
		};
		E1FBD490249EB90D000BAFF1 /* Debug */ = {
			isa = XCBuildConfiguration;
			baseConfigurationReference = 3BED05EBA2A97E69B4D09E41 /* Pods-progress.debug.xcconfig */;
			buildSettings = {
				ASSETCATALOG_COMPILER_APPICON_NAME = AppIcon;
				CODE_SIGN_STYLE = Automatic;
				DEVELOPMENT_TEAM = 8U3L6K9JA6;
				INFOPLIST_FILE = progress/Info.plist;
				IPHONEOS_DEPLOYMENT_TARGET = 13.0;
				LD_RUNPATH_SEARCH_PATHS = (
					"$(inherited)",
					"@executable_path/Frameworks",
					"@executable_path/../Frameworks",
				);
				MACOSX_DEPLOYMENT_TARGET = 13.0;
				PRODUCT_BUNDLE_IDENTIFIER = linniergames.progress;
				PRODUCT_NAME = "$(TARGET_NAME)";
				SWIFT_VERSION = 5.0;
				TARGETED_DEVICE_FAMILY = "1,2";
			};
			name = Debug;
		};
		E1FBD491249EB90D000BAFF1 /* Release */ = {
			isa = XCBuildConfiguration;
			baseConfigurationReference = D94409BA233071CDA027B2FD /* Pods-progress.release.xcconfig */;
			buildSettings = {
				ASSETCATALOG_COMPILER_APPICON_NAME = AppIcon;
				CODE_SIGN_STYLE = Automatic;
				DEVELOPMENT_TEAM = 8U3L6K9JA6;
				INFOPLIST_FILE = progress/Info.plist;
				IPHONEOS_DEPLOYMENT_TARGET = 13.0;
				LD_RUNPATH_SEARCH_PATHS = (
					"$(inherited)",
					"@executable_path/Frameworks",
					"@executable_path/../Frameworks",
				);
				MACOSX_DEPLOYMENT_TARGET = 13.0;
				PRODUCT_BUNDLE_IDENTIFIER = linniergames.progress;
				PRODUCT_NAME = "$(TARGET_NAME)";
				SWIFT_VERSION = 5.0;
				TARGETED_DEVICE_FAMILY = "1,2";
			};
			name = Release;
		};
		E1FBD493249EB90D000BAFF1 /* Debug */ = {
			isa = XCBuildConfiguration;
			baseConfigurationReference = C5449335A3F05A7221EE8F46 /* Pods-progressTests.debug.xcconfig */;
			buildSettings = {
				ALWAYS_EMBED_SWIFT_STANDARD_LIBRARIES = YES;
				BUNDLE_LOADER = "$(TEST_HOST)";
				CODE_SIGN_STYLE = Automatic;
				DEVELOPMENT_TEAM = 8U3L6K9JA6;
				INFOPLIST_FILE = progressTests/Info.plist;
				IPHONEOS_DEPLOYMENT_TARGET = 13.4;
				LD_RUNPATH_SEARCH_PATHS = (
					"$(inherited)",
					"@executable_path/Frameworks",
					"@loader_path/Frameworks",
				);
				PRODUCT_BUNDLE_IDENTIFIER = linniergames.progressTests;
				PRODUCT_NAME = "$(TARGET_NAME)";
				SWIFT_VERSION = 5.0;
				TARGETED_DEVICE_FAMILY = "1,2";
				TEST_HOST = "$(BUILT_PRODUCTS_DIR)/progress.app/progress";
			};
			name = Debug;
		};
		E1FBD494249EB90D000BAFF1 /* Release */ = {
			isa = XCBuildConfiguration;
			baseConfigurationReference = D518E9FB5400F25C09A011E4 /* Pods-progressTests.release.xcconfig */;
			buildSettings = {
				ALWAYS_EMBED_SWIFT_STANDARD_LIBRARIES = YES;
				BUNDLE_LOADER = "$(TEST_HOST)";
				CODE_SIGN_STYLE = Automatic;
				DEVELOPMENT_TEAM = 8U3L6K9JA6;
				INFOPLIST_FILE = progressTests/Info.plist;
				IPHONEOS_DEPLOYMENT_TARGET = 13.4;
				LD_RUNPATH_SEARCH_PATHS = (
					"$(inherited)",
					"@executable_path/Frameworks",
					"@loader_path/Frameworks",
				);
				PRODUCT_BUNDLE_IDENTIFIER = linniergames.progressTests;
				PRODUCT_NAME = "$(TARGET_NAME)";
				SWIFT_VERSION = 5.0;
				TARGETED_DEVICE_FAMILY = "1,2";
				TEST_HOST = "$(BUILT_PRODUCTS_DIR)/progress.app/progress";
			};
			name = Release;
		};
		E1FBD496249EB90D000BAFF1 /* Debug */ = {
			isa = XCBuildConfiguration;
			baseConfigurationReference = 484D8FDB2BB12817F012C582 /* Pods-progress-progressUITests.debug.xcconfig */;
			buildSettings = {
				ALWAYS_EMBED_SWIFT_STANDARD_LIBRARIES = YES;
				CODE_SIGN_STYLE = Automatic;
				DEVELOPMENT_TEAM = 8U3L6K9JA6;
				INFOPLIST_FILE = progressUITests/Info.plist;
				LD_RUNPATH_SEARCH_PATHS = (
					"$(inherited)",
					"@executable_path/Frameworks",
					"@loader_path/Frameworks",
				);
				PRODUCT_BUNDLE_IDENTIFIER = linniergames.progressUITests;
				PRODUCT_NAME = "$(TARGET_NAME)";
				SWIFT_VERSION = 5.0;
				TARGETED_DEVICE_FAMILY = "1,2";
				TEST_TARGET_NAME = progress;
			};
			name = Debug;
		};
		E1FBD497249EB90D000BAFF1 /* Release */ = {
			isa = XCBuildConfiguration;
			baseConfigurationReference = 9AC70BABE11D1B4F5ABFD3C2 /* Pods-progress-progressUITests.release.xcconfig */;
			buildSettings = {
				ALWAYS_EMBED_SWIFT_STANDARD_LIBRARIES = YES;
				CODE_SIGN_STYLE = Automatic;
				DEVELOPMENT_TEAM = 8U3L6K9JA6;
				INFOPLIST_FILE = progressUITests/Info.plist;
				LD_RUNPATH_SEARCH_PATHS = (
					"$(inherited)",
					"@executable_path/Frameworks",
					"@loader_path/Frameworks",
				);
				PRODUCT_BUNDLE_IDENTIFIER = linniergames.progressUITests;
				PRODUCT_NAME = "$(TARGET_NAME)";
				SWIFT_VERSION = 5.0;
				TARGETED_DEVICE_FAMILY = "1,2";
				TEST_TARGET_NAME = progress;
			};
			name = Release;
		};
/* End XCBuildConfiguration section */

/* Begin XCConfigurationList section */
		E1FBD460249EB90B000BAFF1 /* Build configuration list for PBXProject "progress" */ = {
			isa = XCConfigurationList;
			buildConfigurations = (
				E1FBD48D249EB90D000BAFF1 /* Debug */,
				E1FBD48E249EB90D000BAFF1 /* Release */,
			);
			defaultConfigurationIsVisible = 0;
			defaultConfigurationName = Release;
		};
		E1FBD48F249EB90D000BAFF1 /* Build configuration list for PBXNativeTarget "progress" */ = {
			isa = XCConfigurationList;
			buildConfigurations = (
				E1FBD490249EB90D000BAFF1 /* Debug */,
				E1FBD491249EB90D000BAFF1 /* Release */,
			);
			defaultConfigurationIsVisible = 0;
			defaultConfigurationName = Release;
		};
		E1FBD492249EB90D000BAFF1 /* Build configuration list for PBXNativeTarget "progressTests" */ = {
			isa = XCConfigurationList;
			buildConfigurations = (
				E1FBD493249EB90D000BAFF1 /* Debug */,
				E1FBD494249EB90D000BAFF1 /* Release */,
			);
			defaultConfigurationIsVisible = 0;
			defaultConfigurationName = Release;
		};
		E1FBD495249EB90D000BAFF1 /* Build configuration list for PBXNativeTarget "progressUITests" */ = {
			isa = XCConfigurationList;
			buildConfigurations = (
				E1FBD496249EB90D000BAFF1 /* Debug */,
				E1FBD497249EB90D000BAFF1 /* Release */,
			);
			defaultConfigurationIsVisible = 0;
			defaultConfigurationName = Release;
		};
/* End XCConfigurationList section */
	};
	rootObject = E1FBD45D249EB90B000BAFF1 /* Project object */;
}
